Microsoft Visual Studio Solution File, Format Version 12.00
# Visual Studio Version 17
VisualStudioVersion = 17.5.2.0
MinimumVisualStudioVersion = 10.0.40219.1
Project("{FAE04EC0-301F-11D3-BF4B-00C04F79EFBC}") = "N3tSc4n", "N3tSc4n.csproj", "{13363D77-C9F1-84D4-8B44-D6C570004D75}"
EndProject
Global
	GlobalSection(SolutionConfigurationPlatforms) = preSolution
		Debug|Any CPU = Debug|Any CPU
		Release|Any CPU = Release|Any CPU
	EndGlobalSection
	GlobalSection(ProjectConfigurationPlatforms) = postSolution
		{13363D77-C9F1-84D4-8B44-D6C570004D75}.Debug|Any CPU.ActiveCfg = Debug|Any CPU
		{13363D77-C9F1-84D4-8B44-D6C570004D75}.Debug|Any CPU.Build.0 = Debug|Any CPU
		{13363D77-C9F1-84D4-8B44-D6C570004D75}.Release|Any CPU.ActiveCfg = Release|Any CPU
		{13363D77-C9F1-84D4-8B44-D6C570004D75}.Release|Any CPU.Build.0 = Release|Any CPU
	EndGlobalSection
	GlobalSection(SolutionProperties) = preSolution
		HideSolutionNode = FALSE
	EndGlobalSection
	GlobalSection(ExtensibilityGlobals) = postSolution
		SolutionGuid = {A9F2C30F-BCC1-44E8-B562-F1A8902BBB61}
	EndGlobalSection
EndGlobal
