
Microsoft Visual Studio Solution File, Format Version 12.00
# Visual Studio Version 17
VisualStudioVersion = 17.5.2.0
MinimumVisualStudioVersion = 10.0.40219.1
Project("{FAE04EC0-301F-11D3-BF4B-00C04F79EFBC}") = "NetScan.Core", "NetScan.Core\NetScan.Core.csproj", "{A7E3B291-54F2-4D8C-9A61-F02C3D7E8B45}"
EndProject
Project("{FAE04EC0-301F-11D3-BF4B-00C04F79EFBC}") = "NetScan.Windows", "NetScan.Windows\NetScan.Windows.csproj", "{B8F4C302-65A3-4E9D-AB72-013D4E8F9C56}"
EndProject
Project("{FAE04EC0-301F-11D3-BF4B-00C04F79EFBC}") = "NetScan.CrossPlatform", "NetScan.CrossPlatform\NetScan.CrossPlatform.csproj", "{C9053413-76B4-5FAE-BC83-124E5F9AAD67}"
EndProject
Global
	GlobalSection(SolutionConfigurationPlatforms) = preSolution
		Debug|Any CPU = Debug|Any CPU
		Release|Any CPU = Release|Any CPU
	EndGlobalSection
	GlobalSection(ProjectConfigurationPlatforms) = postSolution
		{A7E3B291-54F2-4D8C-9A61-F02C3D7E8B45}.Debug|Any CPU.ActiveCfg = Debug|Any CPU
		{A7E3B291-54F2-4D8C-9A61-F02C3D7E8B45}.Debug|Any CPU.Build.0 = Debug|Any CPU
		{A7E3B291-54F2-4D8C-9A61-F02C3D7E8B45}.Release|Any CPU.ActiveCfg = Release|Any CPU
		{A7E3B291-54F2-4D8C-9A61-F02C3D7E8B45}.Release|Any CPU.Build.0 = Release|Any CPU
		{B8F4C302-65A3-4E9D-AB72-013D4E8F9C56}.Debug|Any CPU.ActiveCfg = Debug|Any CPU
		{B8F4C302-65A3-4E9D-AB72-013D4E8F9C56}.Debug|Any CPU.Build.0 = Debug|Any CPU
		{B8F4C302-65A3-4E9D-AB72-013D4E8F9C56}.Release|Any CPU.ActiveCfg = Release|Any CPU
		{B8F4C302-65A3-4E9D-AB72-013D4E8F9C56}.Release|Any CPU.Build.0 = Release|Any CPU
		{C9053413-76B4-5FAE-BC83-124E5F9AAD67}.Debug|Any CPU.ActiveCfg = Debug|Any CPU
		{C9053413-76B4-5FAE-BC83-124E5F9AAD67}.Debug|Any CPU.Build.0 = Debug|Any CPU
		{C9053413-76B4-5FAE-BC83-124E5F9AAD67}.Release|Any CPU.ActiveCfg = Release|Any CPU
		{C9053413-76B4-5FAE-BC83-124E5F9AAD67}.Release|Any CPU.Build.0 = Release|Any CPU
	EndGlobalSection
	GlobalSection(SolutionProperties) = preSolution
		HideSolutionNode = FALSE
	EndGlobalSection
	GlobalSection(ExtensibilityGlobals) = postSolution
		SolutionGuid = {D1E2F3A4-B5C6-7D8E-9F0A-1B2C3D4E5F60}
	EndGlobalSection
EndGlobal
